
Microsoft Visual Studio Solution File, Format Version 12.00
# Visual Studio Version 17
VisualStudioVersion = 17.8.34511.84
MinimumVisualStudioVersion = 10.0.40219.1
Project("{FAE04EC0-301F-11D3-BF4B-00C04F79EFBC}") = "EsercizioW1D4", "EsercizioW1D4.csproj", "{0920558A-C9CA-492A-B7F4-DAD297976652}"
EndProject
Global
	GlobalSection(SolutionConfigurationPlatforms) = preSolution
		Debug|Any CPU = Debug|Any CPU
		Release|Any CPU = Release|Any CPU
	EndGlobalSection
	GlobalSection(ProjectConfigurationPlatforms) = postSolution
		{0920558A-C9CA-492A-B7F4-DAD297976652}.Debug|Any CPU.ActiveCfg = Debug|Any CPU
		{0920558A-C9CA-492A-B7F4-DAD297976652}.Debug|Any CPU.Build.0 = Debug|Any CPU
		{0920558A-C9CA-492A-B7F4-DAD297976652}.Release|Any CPU.ActiveCfg = Release|Any CPU
		{0920558A-C9CA-492A-B7F4-DAD297976652}.Release|Any CPU.Build.0 = Release|Any CPU
	EndGlobalSection
	GlobalSection(SolutionProperties) = preSolution
		HideSolutionNode = FALSE
	EndGlobalSection
	GlobalSection(ExtensibilityGlobals) = postSolution
		SolutionGuid = {8745B320-22EA-46BC-953B-DE90D97D9466}
	EndGlobalSection
EndGlobal
